
Microsoft Visual Studio Solution File, Format Version 12.00
# Visual Studio Version 17
VisualStudioVersion = 17.12.35728.132
MinimumVisualStudioVersion = 10.0.40219.1
Project("{FAE04EC0-301F-11D3-BF4B-00C04F79EFBC}") = "HackerRank1", "HackerRank1\HackerRank1.csproj", "{C256EBB9-D0DF-426D-A8DD-B0E97F6BDFA6}"
EndProject
Project("{FAE04EC0-301F-11D3-BF4B-00C04F79EFBC}") = "LibraryService.Integration.Test", "LibraryService.Integration.Test\LibraryService.Integration.Test.csproj", "{EBEA5836-C00D-443D-B656-6D8407348459}"
EndProject
Global
	GlobalSection(SolutionConfigurationPlatforms) = preSolution
		Debug|Any CPU = Debug|Any CPU
		Release|Any CPU = Release|Any CPU
	EndGlobalSection
	GlobalSection(ProjectConfigurationPlatforms) = postSolution
		{C256EBB9-D0DF-426D-A8DD-B0E97F6BDFA6}.Debug|Any CPU.ActiveCfg = Debug|Any CPU
		{C256EBB9-D0DF-426D-A8DD-B0E97F6BDFA6}.Debug|Any CPU.Build.0 = Debug|Any CPU
		{C256EBB9-D0DF-426D-A8DD-B0E97F6BDFA6}.Release|Any CPU.ActiveCfg = Release|Any CPU
		{C256EBB9-D0DF-426D-A8DD-B0E97F6BDFA6}.Release|Any CPU.Build.0 = Release|Any CPU
		{EBEA5836-C00D-443D-B656-6D8407348459}.Debug|Any CPU.ActiveCfg = Debug|Any CPU
		{EBEA5836-C00D-443D-B656-6D8407348459}.Debug|Any CPU.Build.0 = Debug|Any CPU
		{EBEA5836-C00D-443D-B656-6D8407348459}.Release|Any CPU.ActiveCfg = Release|Any CPU
		{EBEA5836-C00D-443D-B656-6D8407348459}.Release|Any CPU.Build.0 = Release|Any CPU
	EndGlobalSection
	GlobalSection(SolutionProperties) = preSolution
		HideSolutionNode = FALSE
	EndGlobalSection
EndGlobal
